
Microsoft Visual Studio Solution File, Format Version 12.00
# Visual Studio Version 17
VisualStudioVersion = 17.12.35527.113
MinimumVisualStudioVersion = 10.0.40219.1
Project("{2150E333-8FDC-42A3-9474-1A3956D46DE8}") = "Presentation", "Presentation", "{015C5719-5CC8-4E76-89B5-AF1412592CD7}"
EndProject
Project("{2150E333-8FDC-42A3-9474-1A3956D46DE8}") = "Application", "Application", "{FF85D685-686B-4ADC-9A7C-39A7D6CD1E56}"
EndProject
Project("{FAE04EC0-301F-11D3-BF4B-00C04F79EFBC}") = "ServicesApplication", "src\Application\ServicesApplication\ServicesApplication.csproj", "{78036841-F0E1-404D-995F-1D9CBC1BAA02}"
EndProject
Project("{2150E333-8FDC-42A3-9474-1A3956D46DE8}") = "Repository", "Repository", "{EB1BA3DD-F415-4562-A79F-850CD385A02E}"
EndProject
Project("{FAE04EC0-301F-11D3-BF4B-00C04F79EFBC}") = "Repository", "src\Repository\Repository\Repository.csproj", "{23AC8EB9-2B29-400E-B7E9-9379752502CE}"
EndProject
Project("{2150E333-8FDC-42A3-9474-1A3956D46DE8}") = "Domain", "Domain", "{A36F55A8-053A-4094-92A5-923C2D62AF16}"
EndProject
Project("{FAE04EC0-301F-11D3-BF4B-00C04F79EFBC}") = "Domain", "src\Domain\Domain\Domain.csproj", "{1A058D6F-912C-4E1C-974F-E9AEE31BD8A7}"
EndProject
Project("{2150E333-8FDC-42A3-9474-1A3956D46DE8}") = "Tests", "Tests", "{507FA65A-2C33-478F-9BA6-334AA2985944}"
EndProject
Project("{FAE04EC0-301F-11D3-BF4B-00C04F79EFBC}") = "AuthenticationTests", "src\Tests\AuthenticationTests\AuthenticationTests.csproj", "{831D5C61-3121-4389-A476-84D2C2A3F75E}"
EndProject
Project("{FAE04EC0-301F-11D3-BF4B-00C04F79EFBC}") = "AuthenticationApi", "src\Presentation\AuthenticationApi\AuthenticationApi.csproj", "{77857AC2-79B6-4123-AEE7-09646FCC4508}"
EndProject
Global
	GlobalSection(SolutionConfigurationPlatforms) = preSolution
		Debug|Any CPU = Debug|Any CPU
		Release|Any CPU = Release|Any CPU
	EndGlobalSection
	GlobalSection(ProjectConfigurationPlatforms) = postSolution
		{78036841-F0E1-404D-995F-1D9CBC1BAA02}.Debug|Any CPU.ActiveCfg = Debug|Any CPU
		{78036841-F0E1-404D-995F-1D9CBC1BAA02}.Debug|Any CPU.Build.0 = Debug|Any CPU
		{78036841-F0E1-404D-995F-1D9CBC1BAA02}.Release|Any CPU.ActiveCfg = Release|Any CPU
		{78036841-F0E1-404D-995F-1D9CBC1BAA02}.Release|Any CPU.Build.0 = Release|Any CPU
		{23AC8EB9-2B29-400E-B7E9-9379752502CE}.Debug|Any CPU.ActiveCfg = Debug|Any CPU
		{23AC8EB9-2B29-400E-B7E9-9379752502CE}.Debug|Any CPU.Build.0 = Debug|Any CPU
		{23AC8EB9-2B29-400E-B7E9-9379752502CE}.Release|Any CPU.ActiveCfg = Release|Any CPU
		{23AC8EB9-2B29-400E-B7E9-9379752502CE}.Release|Any CPU.Build.0 = Release|Any CPU
		{1A058D6F-912C-4E1C-974F-E9AEE31BD8A7}.Debug|Any CPU.ActiveCfg = Debug|Any CPU
		{1A058D6F-912C-4E1C-974F-E9AEE31BD8A7}.Debug|Any CPU.Build.0 = Debug|Any CPU
		{1A058D6F-912C-4E1C-974F-E9AEE31BD8A7}.Release|Any CPU.ActiveCfg = Release|Any CPU
		{1A058D6F-912C-4E1C-974F-E9AEE31BD8A7}.Release|Any CPU.Build.0 = Release|Any CPU
		{831D5C61-3121-4389-A476-84D2C2A3F75E}.Debug|Any CPU.ActiveCfg = Debug|Any CPU
		{831D5C61-3121-4389-A476-84D2C2A3F75E}.Debug|Any CPU.Build.0 = Debug|Any CPU
		{831D5C61-3121-4389-A476-84D2C2A3F75E}.Release|Any CPU.ActiveCfg = Release|Any CPU
		{831D5C61-3121-4389-A476-84D2C2A3F75E}.Release|Any CPU.Build.0 = Release|Any CPU
		{77857AC2-79B6-4123-AEE7-09646FCC4508}.Debug|Any CPU.ActiveCfg = Debug|Any CPU
		{77857AC2-79B6-4123-AEE7-09646FCC4508}.Debug|Any CPU.Build.0 = Debug|Any CPU
		{77857AC2-79B6-4123-AEE7-09646FCC4508}.Release|Any CPU.ActiveCfg = Release|Any CPU
		{77857AC2-79B6-4123-AEE7-09646FCC4508}.Release|Any CPU.Build.0 = Release|Any CPU
	EndGlobalSection
	GlobalSection(SolutionProperties) = preSolution
		HideSolutionNode = FALSE
	EndGlobalSection
	GlobalSection(NestedProjects) = preSolution
		{78036841-F0E1-404D-995F-1D9CBC1BAA02} = {FF85D685-686B-4ADC-9A7C-39A7D6CD1E56}
		{23AC8EB9-2B29-400E-B7E9-9379752502CE} = {EB1BA3DD-F415-4562-A79F-850CD385A02E}
		{1A058D6F-912C-4E1C-974F-E9AEE31BD8A7} = {A36F55A8-053A-4094-92A5-923C2D62AF16}
		{831D5C61-3121-4389-A476-84D2C2A3F75E} = {507FA65A-2C33-478F-9BA6-334AA2985944}
		{77857AC2-79B6-4123-AEE7-09646FCC4508} = {015C5719-5CC8-4E76-89B5-AF1412592CD7}
	EndGlobalSection
EndGlobal
